
Microsoft Visual Studio Solution File, Format Version 12.00
# Visual Studio Version 16
VisualStudioVersion = 16.0.29709.97
MinimumVisualStudioVersion = 10.0.40219.1
Project("{FAE04EC0-301F-11D3-BF4B-00C04F79EFBC}") = "AuthenticProducts", "AuthenticProducts\AuthenticProducts.csproj", "{68FC3EEF-E631-4C96-8185-611AD92AB4A6}"
EndProject
Global
	GlobalSection(SolutionConfigurationPlatforms) = preSolution
		Debug|Any CPU = Debug|Any CPU
		Release|Any CPU = Release|Any CPU
	EndGlobalSection
	GlobalSection(ProjectConfigurationPlatforms) = postSolution
		{68FC3EEF-E631-4C96-8185-611AD92AB4A6}.Debug|Any CPU.ActiveCfg = Debug|Any CPU
		{68FC3EEF-E631-4C96-8185-611AD92AB4A6}.Debug|Any CPU.Build.0 = Debug|Any CPU
		{68FC3EEF-E631-4C96-8185-611AD92AB4A6}.Release|Any CPU.ActiveCfg = Release|Any CPU
		{68FC3EEF-E631-4C96-8185-611AD92AB4A6}.Release|Any CPU.Build.0 = Release|Any CPU
	EndGlobalSection
	GlobalSection(SolutionProperties) = preSolution
		HideSolutionNode = FALSE
	EndGlobalSection
	GlobalSection(ExtensibilityGlobals) = postSolution
		SolutionGuid = {FF2598B4-BFD2-4A9D-A9C0-609A31EB1865}
	EndGlobalSection
EndGlobal
